%{
  "circuits_i2c": {:hex, :circuits_i2c, "1.0.1", "3a820dfa04bc5a92d0ec3c572cacb1a665802b2913fbc25784ed5a2020f12626", [:make, :mix], [{:elixir_make, "~> 0.6", [hex: :elixir_make, repo: "hexpm", optional: false]}], "hexpm", "e11393b3f462154ebec5d100859bd5d616e958d9f701e4d62af5764ee84f5213"},
  "elixir_make": {:hex, :elixir_make, "0.6.3", "bc07d53221216838d79e03a8019d0839786703129599e9619f4ab74c8c096eac", [:mix], [], "hexpm", "f5cbd651c5678bcaabdbb7857658ee106b12509cd976c2c2fca99688e1daf716"},
}
